
Microsoft Visual Studio Solution File, Format Version 12.00
# Visual Studio Version 17
VisualStudioVersion = 17.4.33122.133
MinimumVisualStudioVersion = 10.0.40219.1
Project("{FAE04EC0-301F-11D3-BF4B-00C04F79EFBC}") = "GameOfOthelloAssignment", "GameOfOthelloAssignment.csproj", "{A5DC195C-4BC5-473E-A182-75DD4E97B19C}"
EndProject
Global
	GlobalSection(SolutionConfigurationPlatforms) = preSolution
		Debug|Any CPU = Debug|Any CPU
		Release|Any CPU = Release|Any CPU
	EndGlobalSection
	GlobalSection(ProjectConfigurationPlatforms) = postSolution
		{A5DC195C-4BC5-473E-A182-75DD4E97B19C}.Debug|Any CPU.ActiveCfg = Debug|Any CPU
		{A5DC195C-4BC5-473E-A182-75DD4E97B19C}.Debug|Any CPU.Build.0 = Debug|Any CPU
		{A5DC195C-4BC5-473E-A182-75DD4E97B19C}.Release|Any CPU.ActiveCfg = Release|Any CPU
		{A5DC195C-4BC5-473E-A182-75DD4E97B19C}.Release|Any CPU.Build.0 = Release|Any CPU
	EndGlobalSection
	GlobalSection(SolutionProperties) = preSolution
		HideSolutionNode = FALSE
	EndGlobalSection
	GlobalSection(ExtensibilityGlobals) = postSolution
		SolutionGuid = {EFE1AC3A-ED1F-4775-AA4A-FD5F209AB6F7}
	EndGlobalSection
EndGlobal
